
Microsoft Visual Studio Solution File, Format Version 12.00
# Visual Studio Version 16
VisualStudioVersion = 16.0.29920.165
MinimumVisualStudioVersion = 10.0.40219.1
Project("{2150E333-8FDC-42A3-9474-1A3956D46DE8}") = "Localizaciones", "Localizaciones", "{FB6B8355-968A-41CB-88C8-9EB89B233A79}"
EndProject
Project("{FAE04EC0-301F-11D3-BF4B-00C04F79EFBC}") = "VehiculosOnline.Localizaciones.DAL", "Localizaciones\VehiculosOnline.Localizaciones.DAL\VehiculosOnline.Localizaciones.DAL.csproj", "{8B27580B-15DF-4CB5-BE4C-DA5B6F96AE9B}"
EndProject
Project("{FAE04EC0-301F-11D3-BF4B-00C04F79EFBC}") = "VehiculosOnline.Localizaciones.BLL", "Localizaciones\VehiculosOnline.Localizaciones.BLL\VehiculosOnline.Localizaciones.BLL.csproj", "{4056EA12-21CC-48DB-A0B9-1FE0196FAB4F}"
EndProject
Project("{FAE04EC0-301F-11D3-BF4B-00C04F79EFBC}") = "VehiculosOnline.Localizaciones.API", "Localizaciones\VehiculosOnline.Localizaciones.API\VehiculosOnline.Localizaciones.API.csproj", "{A8EE63F6-E93A-434C-9D6C-4D847A0FBBF5}"
EndProject
Project("{2150E333-8FDC-42A3-9474-1A3956D46DE8}") = "Personas", "Personas", "{7244FDBF-0A54-4681-A13A-20F8ABEF9369}"
EndProject
Project("{FAE04EC0-301F-11D3-BF4B-00C04F79EFBC}") = "VehiculosOnline.Personas.DAL", "Personas\VehiculosOnline.Personas.DAL\VehiculosOnline.Personas.DAL.csproj", "{5647E4CA-19A3-4E36-8C8A-AB999519A6A5}"
EndProject
Project("{FAE04EC0-301F-11D3-BF4B-00C04F79EFBC}") = "VehiculosOnline.Personas.API", "Personas\VehiculosOnline.Personas.API\VehiculosOnline.Personas.API.csproj", "{DDF19081-B45F-436A-93DA-A8A3B85CDD8E}"
EndProject
Project("{9A19103F-16F7-4668-BE54-9A1E7A4F7556}") = "VehiculosOnline.Personas.BLL", "Personas\VehiculosOnline.Personas.BLL\VehiculosOnline.Personas.BLL.csproj", "{6025E2F2-AF61-40DB-BECF-DDAE8F7659A9}"
EndProject
Global
	GlobalSection(SolutionConfigurationPlatforms) = preSolution
		Debug|Any CPU = Debug|Any CPU
		Release|Any CPU = Release|Any CPU
	EndGlobalSection
	GlobalSection(ProjectConfigurationPlatforms) = postSolution
		{8B27580B-15DF-4CB5-BE4C-DA5B6F96AE9B}.Debug|Any CPU.ActiveCfg = Debug|Any CPU
		{8B27580B-15DF-4CB5-BE4C-DA5B6F96AE9B}.Debug|Any CPU.Build.0 = Debug|Any CPU
		{8B27580B-15DF-4CB5-BE4C-DA5B6F96AE9B}.Release|Any CPU.ActiveCfg = Release|Any CPU
		{8B27580B-15DF-4CB5-BE4C-DA5B6F96AE9B}.Release|Any CPU.Build.0 = Release|Any CPU
		{4056EA12-21CC-48DB-A0B9-1FE0196FAB4F}.Debug|Any CPU.ActiveCfg = Debug|Any CPU
		{4056EA12-21CC-48DB-A0B9-1FE0196FAB4F}.Debug|Any CPU.Build.0 = Debug|Any CPU
		{4056EA12-21CC-48DB-A0B9-1FE0196FAB4F}.Release|Any CPU.ActiveCfg = Release|Any CPU
		{4056EA12-21CC-48DB-A0B9-1FE0196FAB4F}.Release|Any CPU.Build.0 = Release|Any CPU
		{A8EE63F6-E93A-434C-9D6C-4D847A0FBBF5}.Debug|Any CPU.ActiveCfg = Debug|Any CPU
		{A8EE63F6-E93A-434C-9D6C-4D847A0FBBF5}.Debug|Any CPU.Build.0 = Debug|Any CPU
		{A8EE63F6-E93A-434C-9D6C-4D847A0FBBF5}.Release|Any CPU.ActiveCfg = Release|Any CPU
		{A8EE63F6-E93A-434C-9D6C-4D847A0FBBF5}.Release|Any CPU.Build.0 = Release|Any CPU
		{5647E4CA-19A3-4E36-8C8A-AB999519A6A5}.Debug|Any CPU.ActiveCfg = Debug|Any CPU
		{5647E4CA-19A3-4E36-8C8A-AB999519A6A5}.Debug|Any CPU.Build.0 = Debug|Any CPU
		{5647E4CA-19A3-4E36-8C8A-AB999519A6A5}.Release|Any CPU.ActiveCfg = Release|Any CPU
		{5647E4CA-19A3-4E36-8C8A-AB999519A6A5}.Release|Any CPU.Build.0 = Release|Any CPU
		{DDF19081-B45F-436A-93DA-A8A3B85CDD8E}.Debug|Any CPU.ActiveCfg = Debug|Any CPU
		{DDF19081-B45F-436A-93DA-A8A3B85CDD8E}.Debug|Any CPU.Build.0 = Debug|Any CPU
		{DDF19081-B45F-436A-93DA-A8A3B85CDD8E}.Release|Any CPU.ActiveCfg = Release|Any CPU
		{DDF19081-B45F-436A-93DA-A8A3B85CDD8E}.Release|Any CPU.Build.0 = Release|Any CPU
		{6025E2F2-AF61-40DB-BECF-DDAE8F7659A9}.Debug|Any CPU.ActiveCfg = Debug|Any CPU
		{6025E2F2-AF61-40DB-BECF-DDAE8F7659A9}.Debug|Any CPU.Build.0 = Debug|Any CPU
		{6025E2F2-AF61-40DB-BECF-DDAE8F7659A9}.Release|Any CPU.ActiveCfg = Release|Any CPU
		{6025E2F2-AF61-40DB-BECF-DDAE8F7659A9}.Release|Any CPU.Build.0 = Release|Any CPU
	EndGlobalSection
	GlobalSection(SolutionProperties) = preSolution
		HideSolutionNode = FALSE
	EndGlobalSection
	GlobalSection(NestedProjects) = preSolution
		{8B27580B-15DF-4CB5-BE4C-DA5B6F96AE9B} = {FB6B8355-968A-41CB-88C8-9EB89B233A79}
		{4056EA12-21CC-48DB-A0B9-1FE0196FAB4F} = {FB6B8355-968A-41CB-88C8-9EB89B233A79}
		{A8EE63F6-E93A-434C-9D6C-4D847A0FBBF5} = {FB6B8355-968A-41CB-88C8-9EB89B233A79}
		{5647E4CA-19A3-4E36-8C8A-AB999519A6A5} = {7244FDBF-0A54-4681-A13A-20F8ABEF9369}
		{DDF19081-B45F-436A-93DA-A8A3B85CDD8E} = {7244FDBF-0A54-4681-A13A-20F8ABEF9369}
		{6025E2F2-AF61-40DB-BECF-DDAE8F7659A9} = {7244FDBF-0A54-4681-A13A-20F8ABEF9369}
	EndGlobalSection
	GlobalSection(ExtensibilityGlobals) = postSolution
		SolutionGuid = {38897EB6-4E59-46F5-AEDA-D7A42B3D6F28}
	EndGlobalSection
EndGlobal
