
Microsoft Visual Studio Solution File, Format Version 12.00
# Visual Studio Version 16
VisualStudioVersion = 16.0.29920.165
MinimumVisualStudioVersion = 10.0.40219.1
Project("{2150E333-8FDC-42A3-9474-1A3956D46DE8}") = "Servicio1", "Servicio1", "{D0113450-7E5F-429C-B974-439CA9E8FDE8}"
EndProject
Project("{2150E333-8FDC-42A3-9474-1A3956D46DE8}") = "ServicioX", "ServicioX", "{D10B3C9D-F4C5-4BCB-99AC-43F1B4179102}"
EndProject
Project("{FAE04EC0-301F-11D3-BF4B-00C04F79EFBC}") = "VentaVehiculo.DAL", "VentaVehiculo.DAL\VentaVehiculo.DAL.csproj", "{E5835860-817C-4B9C-B704-12C9AB316D5F}"
EndProject
Project("{2150E333-8FDC-42A3-9474-1A3956D46DE8}") = "Shared", "Shared", "{5451DD49-55CA-4A1B-AAEA-D530BD5FDE6F}"
EndProject
Project("{FAE04EC0-301F-11D3-BF4B-00C04F79EFBC}") = "Modelo", "Modelo\Modelo.csproj", "{BAFA9D0E-A6AD-47D8-8434-C9BC90AF66E6}"
EndProject
Project("{FAE04EC0-301F-11D3-BF4B-00C04F79EFBC}") = "Transversal", "Transversal\Transversal.csproj", "{F8B1F615-74C8-4D22-B372-EF5B02F8A10A}"
EndProject
Project("{FAE04EC0-301F-11D3-BF4B-00C04F79EFBC}") = "VentaVehiculo.BLL", "VentaVehiculo.BLL\VentaVehiculo.BLL.csproj", "{F18B7D97-EF42-445F-BA42-03D73BFBBF83}"
EndProject
Project("{FAE04EC0-301F-11D3-BF4B-00C04F79EFBC}") = "VentaVehiculo.API", "VentaVehiculo.API\VentaVehiculo.API.csproj", "{2AB278CD-5F4C-4CB7-A633-0451D18A41B4}"
EndProject
Global
	GlobalSection(SolutionConfigurationPlatforms) = preSolution
		Debug|Any CPU = Debug|Any CPU
		Release|Any CPU = Release|Any CPU
	EndGlobalSection
	GlobalSection(ProjectConfigurationPlatforms) = postSolution
		{E5835860-817C-4B9C-B704-12C9AB316D5F}.Debug|Any CPU.ActiveCfg = Debug|Any CPU
		{E5835860-817C-4B9C-B704-12C9AB316D5F}.Debug|Any CPU.Build.0 = Debug|Any CPU
		{E5835860-817C-4B9C-B704-12C9AB316D5F}.Release|Any CPU.ActiveCfg = Release|Any CPU
		{E5835860-817C-4B9C-B704-12C9AB316D5F}.Release|Any CPU.Build.0 = Release|Any CPU
		{BAFA9D0E-A6AD-47D8-8434-C9BC90AF66E6}.Debug|Any CPU.ActiveCfg = Debug|Any CPU
		{BAFA9D0E-A6AD-47D8-8434-C9BC90AF66E6}.Debug|Any CPU.Build.0 = Debug|Any CPU
		{BAFA9D0E-A6AD-47D8-8434-C9BC90AF66E6}.Release|Any CPU.ActiveCfg = Release|Any CPU
		{BAFA9D0E-A6AD-47D8-8434-C9BC90AF66E6}.Release|Any CPU.Build.0 = Release|Any CPU
		{F8B1F615-74C8-4D22-B372-EF5B02F8A10A}.Debug|Any CPU.ActiveCfg = Debug|Any CPU
		{F8B1F615-74C8-4D22-B372-EF5B02F8A10A}.Debug|Any CPU.Build.0 = Debug|Any CPU
		{F8B1F615-74C8-4D22-B372-EF5B02F8A10A}.Release|Any CPU.ActiveCfg = Release|Any CPU
		{F8B1F615-74C8-4D22-B372-EF5B02F8A10A}.Release|Any CPU.Build.0 = Release|Any CPU
		{F18B7D97-EF42-445F-BA42-03D73BFBBF83}.Debug|Any CPU.ActiveCfg = Debug|Any CPU
		{F18B7D97-EF42-445F-BA42-03D73BFBBF83}.Debug|Any CPU.Build.0 = Debug|Any CPU
		{F18B7D97-EF42-445F-BA42-03D73BFBBF83}.Release|Any CPU.ActiveCfg = Release|Any CPU
		{F18B7D97-EF42-445F-BA42-03D73BFBBF83}.Release|Any CPU.Build.0 = Release|Any CPU
		{2AB278CD-5F4C-4CB7-A633-0451D18A41B4}.Debug|Any CPU.ActiveCfg = Debug|Any CPU
		{2AB278CD-5F4C-4CB7-A633-0451D18A41B4}.Debug|Any CPU.Build.0 = Debug|Any CPU
		{2AB278CD-5F4C-4CB7-A633-0451D18A41B4}.Release|Any CPU.ActiveCfg = Release|Any CPU
		{2AB278CD-5F4C-4CB7-A633-0451D18A41B4}.Release|Any CPU.Build.0 = Release|Any CPU
	EndGlobalSection
	GlobalSection(SolutionProperties) = preSolution
		HideSolutionNode = FALSE
	EndGlobalSection
	GlobalSection(NestedProjects) = preSolution
		{E5835860-817C-4B9C-B704-12C9AB316D5F} = {D0113450-7E5F-429C-B974-439CA9E8FDE8}
		{BAFA9D0E-A6AD-47D8-8434-C9BC90AF66E6} = {5451DD49-55CA-4A1B-AAEA-D530BD5FDE6F}
		{F8B1F615-74C8-4D22-B372-EF5B02F8A10A} = {5451DD49-55CA-4A1B-AAEA-D530BD5FDE6F}
		{F18B7D97-EF42-445F-BA42-03D73BFBBF83} = {D0113450-7E5F-429C-B974-439CA9E8FDE8}
		{2AB278CD-5F4C-4CB7-A633-0451D18A41B4} = {D0113450-7E5F-429C-B974-439CA9E8FDE8}
	EndGlobalSection
	GlobalSection(ExtensibilityGlobals) = postSolution
		SolutionGuid = {38897EB6-4E59-46F5-AEDA-D7A42B3D6F28}
	EndGlobalSection
EndGlobal
